
Microsoft Visual Studio Solution File, Format Version 12.00
# Visual Studio Version 17
VisualStudioVersion = 17.0.31903.59
MinimumVisualStudioVersion = 10.0.40219.1
Project("{FAE04EC0-301F-11D3-BF4B-00C04F79EFBC}") = "JMSAutoMapper", "JMSAutoMapper\JMSAutoMapper.csproj", "{161FC096-13EB-4B82-9B94-5A40E72C370D}"
EndProject
Project("{FAE04EC0-301F-11D3-BF4B-00C04F79EFBC}") = "JMSAutoMapper.Tests", "JMSAutoMapper.Tests\JMSAutoMapper.Tests.csproj", "{4060126B-96E0-4A29-BD7B-43CB3D807CEC}"
EndProject
Project("{FAE04EC0-301F-11D3-BF4B-00C04F79EFBC}") = "JMSAutoMapperDemo", "JMSAutoMapperDemo\JMSAutoMapperDemo.csproj", "{3A96CD86-19C4-4C64-8FC6-93FF685AD6CE}"
EndProject
Global
	GlobalSection(SolutionConfigurationPlatforms) = preSolution
		Debug|Any CPU = Debug|Any CPU
		Debug|x64 = Debug|x64
		Debug|x86 = Debug|x86
		Release|Any CPU = Release|Any CPU
		Release|x64 = Release|x64
		Release|x86 = Release|x86
	EndGlobalSection
	GlobalSection(ProjectConfigurationPlatforms) = postSolution
		{161FC096-13EB-4B82-9B94-5A40E72C370D}.Debug|Any CPU.ActiveCfg = Debug|Any CPU
		{161FC096-13EB-4B82-9B94-5A40E72C370D}.Debug|Any CPU.Build.0 = Debug|Any CPU
		{161FC096-13EB-4B82-9B94-5A40E72C370D}.Debug|x64.ActiveCfg = Debug|Any CPU
		{161FC096-13EB-4B82-9B94-5A40E72C370D}.Debug|x64.Build.0 = Debug|Any CPU
		{161FC096-13EB-4B82-9B94-5A40E72C370D}.Debug|x86.ActiveCfg = Debug|Any CPU
		{161FC096-13EB-4B82-9B94-5A40E72C370D}.Debug|x86.Build.0 = Debug|Any CPU
		{161FC096-13EB-4B82-9B94-5A40E72C370D}.Release|Any CPU.ActiveCfg = Release|Any CPU
		{161FC096-13EB-4B82-9B94-5A40E72C370D}.Release|Any CPU.Build.0 = Release|Any CPU
		{161FC096-13EB-4B82-9B94-5A40E72C370D}.Release|x64.ActiveCfg = Release|Any CPU
		{161FC096-13EB-4B82-9B94-5A40E72C370D}.Release|x64.Build.0 = Release|Any CPU
		{161FC096-13EB-4B82-9B94-5A40E72C370D}.Release|x86.ActiveCfg = Release|Any CPU
		{161FC096-13EB-4B82-9B94-5A40E72C370D}.Release|x86.Build.0 = Release|Any CPU
		{4060126B-96E0-4A29-BD7B-43CB3D807CEC}.Debug|Any CPU.ActiveCfg = Debug|Any CPU
		{4060126B-96E0-4A29-BD7B-43CB3D807CEC}.Debug|Any CPU.Build.0 = Debug|Any CPU
		{4060126B-96E0-4A29-BD7B-43CB3D807CEC}.Debug|x64.ActiveCfg = Debug|Any CPU
		{4060126B-96E0-4A29-BD7B-43CB3D807CEC}.Debug|x64.Build.0 = Debug|Any CPU
		{4060126B-96E0-4A29-BD7B-43CB3D807CEC}.Debug|x86.ActiveCfg = Debug|Any CPU
		{4060126B-96E0-4A29-BD7B-43CB3D807CEC}.Debug|x86.Build.0 = Debug|Any CPU
		{4060126B-96E0-4A29-BD7B-43CB3D807CEC}.Release|Any CPU.ActiveCfg = Release|Any CPU
		{4060126B-96E0-4A29-BD7B-43CB3D807CEC}.Release|Any CPU.Build.0 = Release|Any CPU
		{4060126B-96E0-4A29-BD7B-43CB3D807CEC}.Release|x64.ActiveCfg = Release|Any CPU
		{4060126B-96E0-4A29-BD7B-43CB3D807CEC}.Release|x64.Build.0 = Release|Any CPU
		{4060126B-96E0-4A29-BD7B-43CB3D807CEC}.Release|x86.ActiveCfg = Release|Any CPU
		{4060126B-96E0-4A29-BD7B-43CB3D807CEC}.Release|x86.Build.0 = Release|Any CPU
		{3A96CD86-19C4-4C64-8FC6-93FF685AD6CE}.Debug|Any CPU.ActiveCfg = Debug|Any CPU
		{3A96CD86-19C4-4C64-8FC6-93FF685AD6CE}.Debug|Any CPU.Build.0 = Debug|Any CPU
		{3A96CD86-19C4-4C64-8FC6-93FF685AD6CE}.Debug|x64.ActiveCfg = Debug|Any CPU
		{3A96CD86-19C4-4C64-8FC6-93FF685AD6CE}.Debug|x64.Build.0 = Debug|Any CPU
		{3A96CD86-19C4-4C64-8FC6-93FF685AD6CE}.Debug|x86.ActiveCfg = Debug|Any CPU
		{3A96CD86-19C4-4C64-8FC6-93FF685AD6CE}.Debug|x86.Build.0 = Debug|Any CPU
		{3A96CD86-19C4-4C64-8FC6-93FF685AD6CE}.Release|Any CPU.ActiveCfg = Release|Any CPU
		{3A96CD86-19C4-4C64-8FC6-93FF685AD6CE}.Release|Any CPU.Build.0 = Release|Any CPU
		{3A96CD86-19C4-4C64-8FC6-93FF685AD6CE}.Release|x64.ActiveCfg = Release|Any CPU
		{3A96CD86-19C4-4C64-8FC6-93FF685AD6CE}.Release|x64.Build.0 = Release|Any CPU
		{3A96CD86-19C4-4C64-8FC6-93FF685AD6CE}.Release|x86.ActiveCfg = Release|Any CPU
		{3A96CD86-19C4-4C64-8FC6-93FF685AD6CE}.Release|x86.Build.0 = Release|Any CPU
	EndGlobalSection
	GlobalSection(SolutionProperties) = preSolution
		HideSolutionNode = FALSE
	EndGlobalSection
EndGlobal
